{
  "object": {
    "pins": [
      {
        "package": "RVS_Spinner",
        "repositoryURL": "git@github.com:RiftValleySoftware/RVS_Spinner.git",
        "state": {
          "branch": "master",
          "revision": "cd39de013fbde07cb32c41d3d96d9458f168cce0",
          "version": null
        }
      }
    ]
  },
  "version": 1
}
