{
  "object": {
    "pins": [
      {
        "package": "RVS_Spinner",
        "repositoryURL": "git@github.com:RiftValleySoftware/RVS_Spinner.git",
        "state": {
          "branch": "master",
          "revision": "45f782557adc7b6271f75189415de15b9953ecce",
          "version": null
        }
      }
    ]
  },
  "version": 1
}
